
Microsoft Visual Studio Solution File, Format Version 12.00
# Visual Studio 15
VisualStudioVersion = 15.0.28010.2016
MinimumVisualStudioVersion = 10.0.40219.1
Project("{8BC9CEB8-8B4A-11D0-8D11-00A0C91BC942}") = "Glumer", "Glumer.vcxproj", "{9E5D98B2-8425-4403-894C-A7EA1326DD6A}"
EndProject
Project("{2150E333-8FDC-42A3-9474-1A3956D46DE8}") = "Shared", "Shared", "{AB6826D3-78A7-4C8D-9610-419FC9FBF9A1}"
	ProjectSection(SolutionItems) = preProject
		..\Shared\CoordCallback.h = ..\Shared\CoordCallback.h
		..\Shared\DLL_PUBLIC.h = ..\Shared\DLL_PUBLIC.h
		..\Shared\STDCALL.h = ..\Shared\STDCALL.h
		..\Shared\TimerWrapper.cpp = ..\Shared\TimerWrapper.cpp
		..\Shared\TimerWrapper.h = ..\Shared\TimerWrapper.h
		..\Shared\TraceFunc.h = ..\Shared\TraceFunc.h
	EndProjectSection
EndProject
Project("{FAE04EC0-301F-11D3-BF4B-00C04F79EFBC}") = "Glumer_WinDesktop_CSExample", "Glumer_WinDesktop_CSExample\Glumer_WinDesktop_CSExample.csproj", "{14AC6B0D-7ABB-4817-92AB-DA467D9799B9}"
	ProjectSection(ProjectDependencies) = postProject
		{9E5D98B2-8425-4403-894C-A7EA1326DD6A} = {9E5D98B2-8425-4403-894C-A7EA1326DD6A}
	EndProjectSection
EndProject
Project("{8BC9CEB8-8B4A-11D0-8D11-00A0C91BC942}") = "Bubbles", "..\Bubbles\Bubbles.vcxproj", "{5144B4B1-5892-4BE6-A9B9-6AE7EBBF7D86}"
EndProject
Global
	GlobalSection(SolutionConfigurationPlatforms) = preSolution
		Debug|Any CPU = Debug|Any CPU
		Debug|Win32 = Debug|Win32
		Release|Any CPU = Release|Any CPU
		Release|Win32 = Release|Win32
	EndGlobalSection
	GlobalSection(ProjectConfigurationPlatforms) = postSolution
		{9E5D98B2-8425-4403-894C-A7EA1326DD6A}.Debug|Any CPU.ActiveCfg = Debug|Win32
		{9E5D98B2-8425-4403-894C-A7EA1326DD6A}.Debug|Win32.ActiveCfg = Debug|Win32
		{9E5D98B2-8425-4403-894C-A7EA1326DD6A}.Debug|Win32.Build.0 = Debug|Win32
		{9E5D98B2-8425-4403-894C-A7EA1326DD6A}.Release|Any CPU.ActiveCfg = Release|Win32
		{9E5D98B2-8425-4403-894C-A7EA1326DD6A}.Release|Win32.ActiveCfg = Release|Win32
		{9E5D98B2-8425-4403-894C-A7EA1326DD6A}.Release|Win32.Build.0 = Release|Win32
		{14AC6B0D-7ABB-4817-92AB-DA467D9799B9}.Debug|Any CPU.ActiveCfg = Debug|Any CPU
		{14AC6B0D-7ABB-4817-92AB-DA467D9799B9}.Debug|Any CPU.Build.0 = Debug|Any CPU
		{14AC6B0D-7ABB-4817-92AB-DA467D9799B9}.Debug|Win32.ActiveCfg = Debug|Any CPU
		{14AC6B0D-7ABB-4817-92AB-DA467D9799B9}.Debug|Win32.Build.0 = Debug|Any CPU
		{14AC6B0D-7ABB-4817-92AB-DA467D9799B9}.Release|Any CPU.ActiveCfg = Release|Any CPU
		{14AC6B0D-7ABB-4817-92AB-DA467D9799B9}.Release|Any CPU.Build.0 = Release|Any CPU
		{14AC6B0D-7ABB-4817-92AB-DA467D9799B9}.Release|Win32.ActiveCfg = Release|Any CPU
		{14AC6B0D-7ABB-4817-92AB-DA467D9799B9}.Release|Win32.Build.0 = Release|Any CPU
		{5144B4B1-5892-4BE6-A9B9-6AE7EBBF7D86}.Debug|Any CPU.ActiveCfg = Debug|Win32
		{5144B4B1-5892-4BE6-A9B9-6AE7EBBF7D86}.Debug|Win32.ActiveCfg = Debug|Win32
		{5144B4B1-5892-4BE6-A9B9-6AE7EBBF7D86}.Debug|Win32.Build.0 = Debug|Win32
		{5144B4B1-5892-4BE6-A9B9-6AE7EBBF7D86}.Release|Any CPU.ActiveCfg = Release|Win32
		{5144B4B1-5892-4BE6-A9B9-6AE7EBBF7D86}.Release|Win32.ActiveCfg = Release|Win32
		{5144B4B1-5892-4BE6-A9B9-6AE7EBBF7D86}.Release|Win32.Build.0 = Release|Win32
	EndGlobalSection
	GlobalSection(SolutionProperties) = preSolution
		HideSolutionNode = FALSE
	EndGlobalSection
	GlobalSection(ExtensibilityGlobals) = postSolution
		SolutionGuid = {E85D7748-3E28-448D-A584-05BD456C6F57}
	EndGlobalSection
EndGlobal
